version = 1
revision = 3
requires-python = ">=3.14"

[[package]]
name = "aoe2-checker-mod-tool"
version = "0.1.0"
source = { virtual = "." }
dependencies = [
    { name = "numpy" },
    { name = "pillow" },
    { name = "psd-tools" },
    { name = "pytoshop" },
    { name = "six" },
]

[package.metadata]
requires-dist = [
    { name = "numpy", specifier = ">=2.5.2" },
    { name = "pillow", specifier = ">=12.1.1" },
    { name = "psd-tools", specifier = ">=1.19.0" },
    { name = "pytoshop", specifier = ">=1.2.1" },
    { name = "six", specifier = ">=1.17.0" },
]

[[package]]
name = "attrs"
version = "26.1.0"
source = { registry = "https://pypi.org/simple" }
sdist = { url = "https://files.pythonhosted.org/packages/9a/8e/82a0fe20a541c03148528be8cac2408564a6c9a0cc7e9171802bc1d26985/attrs-26.1.0.tar.gz", hash = "sha256:d03ceb89cb322a8fd706d4fb91940737b6642aa36998fe130a9bc96c985eff32", size = 952055, upload-time = "2026-03-19T14:22:25.026Z" }
wheels = [
    { url = "https://files.pythonhosted.org/packages/64/b4/17d4b0b2a2dc85a6df63d1157e028ed19f90d4cd97c36717afef2bc2f395/attrs-26.1.0-py3-none-any.whl", hash = "sha256:c647aa4a12dfbad9333ca4e71fe62ddc36f4e63b2d260a37a8b83d2f043ac309", size = 67548, upload-time = "2026-03-19T14:22:23.645Z" },
]

[[package]]
name = "cython"
version = "3.3.0"
source = { registry = "https://pypi.org/simple" }
sdist = { url = "https://files.pythonhosted.org/packages/a9/d8/4981ef716ad0e3ff0d3ef383aefc6b03c4a88dee33b272bf8e0d833001ca/cython-3.3.0.tar.gz", hash = "sha256:eed0d93fbca7087f143b42c34b05a825849bdf17f101572c2105acfa49aa88b8", size = 3727515, upload-time = "2026-08-22T05:16:39.493Z" }
wheels = [
    { url = "https://files.pythonhosted.org/packages/8a/7f/e409f76bb955ecdcb746b80350b945fbb808846d797346d647a37e1790ca/cython-3.3.0-cp314-cp314-macosx_11_0_arm64.whl", hash = "sha256:0deedc2e9a5a664e1adfa4c2d310aa7b54903e1a647c274b6c9213f77a02d637", size = 3186700, upload-time = "2026-08-22T05:17:24.288Z" },
    { url = "https://files.pythonhosted.org/packages/0e/6b/4a623ab6e4a5b9814b22849665cb212273f9735399a7ebca4f3e8c254f1a/cython-3.3.0-cp314-cp314-manylinux2014_aarch64.manylinux_2_17_aarch64.manylinux_2_28_aarch64.whl", hash = "sha256:46072c0d404616b5e652a63882c79cc3f8a1d62635a8692f56ed0e416a4dfed8", size = 3330606, upload-time = "2026-08-22T05:17:26.041Z" },
    { url = "https://files.pythonhosted.org/packages/9f/57/6d620ebee4fc24d89340427702f6ceaf7b956511d1f2222a88c92c1a72b7/cython-3.3.0-cp314-cp314-manylinux2014_x86_64.manylinux_2_17_x86_64.manylinux_2_28_x86_64.whl", hash = "sha256:82f94565b6001bab8e31bf52a0911672910b5735910612a2c0f772c719670006", size = 3454681, upload-time = "2026-08-22T05:17:28.449Z" },
    { url = "https://files.pythonhosted.org/packages/73/4e/26e0a584d06c5b3f345df491d2546479606c89217627ee163f1aa55e899f/cython-3.3.0-cp314-cp314-win_amd64.whl", hash = "sha256:51999fb834365721b6c7f689cf6e2ec7c8667aae783df9eb5e589c290a414d9c", size = 2925966, upload-time = "2026-08-22T05:17:30.549Z" },
    { url = "https://files.pythonhosted.org/packages/ea/45/7f6988070013e16918e39b1b3dab9c5f2c8e404253a7fd10ee685bbd6902/cython-3.3.0-cp315-cp315-macosx_11_0_arm64.whl", hash = "sha256:596e8df019372a2cd417805015022d42cb8ee4e1803ccdc11ed00e451625fb66", size = 3177681, upload-time = "2026-08-22T05:17:32.523Z" },
    { url = "https://files.pythonhosted.org/packages/6e/5d/afb6866ab10236bb208dff0f172ea4b397c9693c5250280c4d9d26057218/cython-3.3.0-cp315-cp315-manylinux2014_aarch64.manylinux_2_17_aarch64.manylinux_2_28_aarch64.whl", hash = "sha256:4a36c34d1950845b8ac148653b07cdc62421a4b0d9abfcc849e69f1c4ff9919d", size = 3328312, upload-time = "2026-08-22T05:17:34.511Z" },
    { url = "https://files.pythonhosted.org/packages/c9/aa/4c0b6773ecf6bc1ec6cda7db8312a566611b330fb6dae87d740e44a47822/cython-3.3.0-cp315-cp315-manylinux2014_x86_64.manylinux_2_17_x86_64.manylinux_2_28_x86_64.whl", hash = "sha256:b447f6906e0555f05dc4742ef1f99091b1e5d9aa9f16616e772fbf9ff6271616", size = 3454285, upload-time = "2026-08-22T05:17:36.538Z" },
    { url = "https://files.pythonhosted.org/packages/44/bb/3e2631122f96300723d6fc42b9cf65550bdcda570a6ad5c4e0226e2e787c/cython-3.3.0-cp315-cp315-win_amd64.whl", hash = "sha256:b55c72e8eccdd508c8de3cf3bbc543aafbb3bf6a518e1ee20358d3241cd780ef", size = 2924709, upload-time = "2026-08-22T05:17:38.65Z" },
    { url = "https://files.pythonhosted.org/packages/14/59/bc1a84b434cb5bebb0cd6f50da8f239d35a5c141b20fdeafc2817fd87778/cython-3.3.0-cp39-abi3-macosx_10_9_x86_64.whl", hash = "sha256:e0d2713d2b292c826bc21dc8732bd9e47628103aa3764180c881e04b3fef95dc", size = 3063660, upload-time = "2026-08-22T05:17:40.923Z" },
    { url = "https://files.pythonhosted.org/packages/ba/6d/542e32908fb421d88354f327ed6450e14240f9825d25393065bc65f4723f/cython-3.3.0-cp39-abi3-manylinux1_i686.manylinux_2_28_i686.manylinux_2_5_i686.whl", hash = "sha256:169e56fd411f4cd5bba51c82f8239421d547a846099db2b261e4aed48ba9f51f", size = 3358395, upload-time = "2026-08-22T05:17:43.036Z" },
    { url = "https://files.pythonhosted.org/packages/9c/7c/ddaf197bc65b581e1891657940bc4f7cb1f740e822115e828920b3a119ce/cython-3.3.0-cp39-abi3-manylinux2014_armv7l.manylinux_2_17_armv7l.manylinux_2_31_armv7l.whl", hash = "sha256:29f38ebafdf23e3da2516f40c4d065da38bfe002181bf93e2b8cf1262449aba6", size = 3041760, upload-time = "2026-08-22T05:17:44.907Z" },
    { url = "https://files.pythonhosted.org/packages/19/a7/ae5ec3e34d43da846ed4c425734752d83aae0dae49feb929f09c90fc9afa/cython-3.3.0-cp39-abi3-musllinux_1_2_aarch64.whl", hash = "sha256:75c4ae8a6d3a5ccf3cdaba8ab32e6a8d0cd38e3a476aa7ac12df8f8171a8d570", size = 3156152, upload-time = "2026-08-22T05:17:46.884Z" },
    { url = "https://files.pythonhosted.org/packages/31/44/c60b601fc43f0b08e9d6f14b94e0dd02eb0ca8d60f46e242ace7191ac1be/cython-3.3.0-cp39-abi3-musllinux_1_2_armv7l.whl", hash = "sha256:b94fb5613b9fe34c27d13ec9972dc0dcd2a2155db2902e93921cadc162610a38", size = 3046690, upload-time = "2026-08-22T05:17:48.731Z" },
    { url = "https://files.pythonhosted.org/packages/b0/9e/d735c26ed907563d3365534006acb263651c2d3b87fee804f7a483dd1714/cython-3.3.0-cp39-abi3-musllinux_1_2_i686.whl", hash = "sha256:c4558ba85849ab65dc57e10fd0efb13fabd9d3c09981a2566e18dec7cf47586a", size = 3373534, upload-time = "2026-08-22T05:17:50.7Z" },
    { url = "https://files.pythonhosted.org/packages/e0/e8/aa7b4f3a28d6e8117c76e2cf78a0df7a503486cdf7243c5b53200c9533a1/cython-3.3.0-cp39-abi3-musllinux_1_2_x86_64.whl", hash = "sha256:311a016369adfd1e0015c4f9819168fc0e518451d7efb4435c30d65a3a26d52b", size = 3265110, upload-time = "2026-08-22T05:17:52.577Z" },
    { url = "https://files.pythonhosted.org/packages/9c/66/37892a8999d6bbd3f92d691a9701cb720c8ddd6171e16f5148eee6e8cb7f/cython-3.3.0-cp39-abi3-win32.whl", hash = "sha256:90869072e50b7c8904fe1dd7810321ae901fd5637a6eec6646ed9c57f9eb1081", size = 2587733, upload-time = "2026-08-22T05:17:54.547Z" },
    { url = "https://files.pythonhosted.org/packages/19/a2/5f4d305cbd4489d21570e5491ad5c483c478cdab032853e2125c280e3bd5/cython-3.3.0-cp39-abi3-win_arm64.whl", hash = "sha256:dce56c26d388f00a19426371b6926bf2f77c5c03b71d5273e4556c68be98c2dd", size = 2608078, upload-time = "2026-08-22T05:17:56.386Z" },
    { url = "https://files.pythonhosted.org/packages/bf/77/67b0b24e45073a699610e50f00c18474ff9b09ea29ecc95083bdf5e60acd/cython-3.3.0-py3-none-any.whl", hash = "sha256:9b24b5c8cd536946b62086fcafee6d5509d3f549f72d553d2336af87ffbe0da1", size = 1349151, upload-time = "2026-08-22T05:16:36.741Z" },
]

[[package]]
name = "numpy"
version = "2.5.2"
source = { registry = "https://pypi.org/simple" }
sdist = { url = "https://files.pythonhosted.org/packages/9a/80/db0b4559e57ec36362bedbb05530a87fafbcb6067708c946967a41d449e7/numpy-2.5.2.tar.gz", hash = "sha256:d482d171c406ae88c5b19cad3b6a1c4c5209f886ab74bc44c2c865c23f52d860", size = 20773161, upload-time = "2026-08-09T13:48:27.962Z" }
wheels = [
    { url = "https://files.pythonhosted.org/packages/ac/f8/c3b222bf075b50afd8e949a07a15c4b312a4a84bd8102a332bcd953cbbb4/numpy-2.5.2-cp314-cp314-macosx_10_15_x86_64.whl", hash = "sha256:d787cf769c3baeb5f6235e778edb52c08dfa923789b5958f28e6450f96107cb1", size = 16885180, upload-time = "2026-08-09T13:46:03.939Z" },
    { url = "https://files.pythonhosted.org/packages/17/e1/2c1d4b1987795a92b5bbf7c24fe249ab96aa2573ab0d7604802c189d7b86/numpy-2.5.2-cp314-cp314-macosx_11_0_arm64.whl", hash = "sha256:24b9dc2e3d84aa58523798805194e23e736f3f6ce2d1a5b92583ae734e6dbda8", size = 11907878, upload-time = "2026-08-09T13:46:07.045Z" },
    { url = "https://files.pythonhosted.org/packages/b9/ee/d08226fc858044355983a6e5b94f08ff6f3969e0a2b160a4a89f0ddb3445/numpy-2.5.2-cp314-cp314-macosx_14_0_arm64.whl", hash = "sha256:9e9413326d726c2545bfa65d2c0876871e8d8386e77f992c1d426e180bbd4323", size = 5354922, upload-time = "2026-08-09T13:46:10.04Z" },
    { url = "https://files.pythonhosted.org/packages/94/f0/6d3d933056440ebbc5e6bad92065fc6c26a48a84a36b1208580e94eea76c/numpy-2.5.2-cp314-cp314-macosx_14_0_x86_64.whl", hash = "sha256:60e902ac295855348a5ca2ea4c89108989a9f5fddfad3dfc0a8f36b10358567e", size = 6679168, upload-time = "2026-08-09T13:46:12.275Z" },
    { url = "https://files.pythonhosted.org/packages/c4/3b/ecd49dd90033cceb2704d88ca905d4d7d89b0e8c739608754ffd325fa820/numpy-2.5.2-cp314-cp314-manylinux_2_27_aarch64.manylinux_2_28_aarch64.whl", hash = "sha256:50e500dc868e9313530ce12ba470fe50ff3afe3d62993ed6eff652dacd555b65", size = 15624501, upload-time = "2026-08-09T13:46:15.322Z" },
    { url = "https://files.pythonhosted.org/packages/c7/99/461bd36dbdfac6c1c53efa370bd55a83227542d0d118f1677dbf1a3dacd5/numpy-2.5.2-cp314-cp314-manylinux_2_27_x86_64.manylinux_2_28_x86_64.whl", hash = "sha256:318b9a4c845dbea06708a29c84ee429cc3065048db34cdb799047643492050ee", size = 16713701, upload-time = "2026-08-09T13:46:18.949Z" },
    { url = "https://files.pythonhosted.org/packages/f9/9c/2b251df9e8a5d647b62b0cbc1b90a91850c1cf4859ecb532fd0b4eacff6c/numpy-2.5.2-cp314-cp314-musllinux_1_2_aarch64.whl", hash = "sha256:34c319e2963be042673fb46570501b2f06c41924e17e3563d58646b4380dfb68", size = 16986065, upload-time = "2026-08-09T13:46:23.006Z" },
    { url = "https://files.pythonhosted.org/packages/8f/25/20de43f53ff1390534a124475055a19f01fe10c920a0fd11b8e18d6d6052/numpy-2.5.2-cp314-cp314-musllinux_1_2_x86_64.whl", hash = "sha256:f06571a052127dc1b4e8b83029b4d1b20daa2b64a31cdd181fc6bc774e9000eb", size = 18470031, upload-time = "2026-08-09T13:46:27.102Z" },
    { url = "https://files.pythonhosted.org/packages/56/5e/0c577ca308d6da5eb79b546ba10bbe5b60148192194e2da060913b1de4f1/numpy-2.5.2-cp314-cp314-win32.whl", hash = "sha256:2cc779226e476d1e1f08c74068c419e60f41a9e0e069c92f6671d31d5c985e98", size = 6121028, upload-time = "2026-08-09T13:46:30.046Z" },
    { url = "https://files.pythonhosted.org/packages/15/5c/7bcbd5b11f94199073320410cddcbb80cee62415bfeb540874b265c2d922/numpy-2.5.2-cp314-cp314-win_amd64.whl", hash = "sha256:7587f53dfbd5edc0f7b87c6217b4c6d2d1f2ef9c3da70bc1315e7db5f8d7ec9d", size = 12597627, upload-time = "2026-08-09T13:46:32.886Z" },
    { url = "https://files.pythonhosted.org/packages/87/bc/4d0b06fba0da90ccc75af62823cb9dcedb6c9ea0cffa058cb2c9ee773a77/numpy-2.5.2-cp314-cp314-win_arm64.whl", hash = "sha256:3e4c367352d3747784248a227fbec218e193b56f7e6692e3b64fc805478ecfdf", size = 10680414, upload-time = "2026-08-09T13:46:36.036Z" },
    { url = "https://files.pythonhosted.org/packages/cd/17/f429aac9dc08833a0d0f188eba38c532a751b1a1f2ca6018a37b455cb321/numpy-2.5.2-cp314-cp314t-macosx_11_0_arm64.whl", hash = "sha256:b879fb674276e331513fb136b78dbc6bd3c848309e0d841cfd63be3896c4cfc1", size = 12026967, upload-time = "2026-08-09T13:46:39.084Z" },
    { url = "https://files.pythonhosted.org/packages/ca/9f/d0849de96a2a4ceaa16662f18ee13eaa9c0aa418269fdc8c4857c56b11da/numpy-2.5.2-cp314-cp314t-macosx_14_0_arm64.whl", hash = "sha256:fd0d703772bba096843785bd38371e31bb4a0c1151497ad5739d182114a73f7f", size = 5473874, upload-time = "2026-08-09T13:46:42.075Z" },
    { url = "https://files.pythonhosted.org/packages/89/3c/8df216d4a4a5422a3de045301cf7df8ea47286d76f5cb7160b0128ac26b7/numpy-2.5.2-cp314-cp314t-macosx_14_0_x86_64.whl", hash = "sha256:3a2f061cebd9e3d23bdcfaaded5e2293a4c6a5b60fa42df85d410a725ce621bf", size = 6789276, upload-time = "2026-08-09T13:46:44.387Z" },
    { url = "https://files.pythonhosted.org/packages/e6/3a/20d7e9891c4ddfadd6ff8d95bf4b29f353d8e1770553de2099880551dfb9/numpy-2.5.2-cp314-cp314t-manylinux_2_27_aarch64.manylinux_2_28_aarch64.whl", hash = "sha256:6df895598c0edcb41030126c89e0f353b07d93238116143b7405e937359736c4", size = 15659154, upload-time = "2026-08-09T13:46:47.538Z" },
    { url = "https://files.pythonhosted.org/packages/aa/d6/f3aa3d2688bf501b858835c6bd087ae9b51a56ae6fca8e2b0990abd177af/numpy-2.5.2-cp314-cp314t-manylinux_2_27_x86_64.manylinux_2_28_x86_64.whl", hash = "sha256:1ab3d4a901f844ea836c3e80bf463c6a27d7f3c14e8e292fcf28d348b25b9bce", size = 16748909, upload-time = "2026-08-09T13:46:51.442Z" },
    { url = "https://files.pythonhosted.org/packages/7d/8f/1c5cae8d2baf86ab802ae97a00be55bc7e21ebc11b12bbc33376c5f05342/numpy-2.5.2-cp314-cp314t-musllinux_1_2_aarch64.whl", hash = "sha256:cebc2d6dbb605a7703d59751dea4bd6b0ab127a5a4338a6f432df1936fef8b26", size = 17027685, upload-time = "2026-08-09T13:46:55.095Z" },
    { url = "https://files.pythonhosted.org/packages/5c/27/71d3467404aedc1c24ce79610f91b52b0b0f466c43a701aa56fc75c145ab/numpy-2.5.2-cp314-cp314t-musllinux_1_2_x86_64.whl", hash = "sha256:eaca7ff36f0f52e2111ec71f169d8fd3e889e7ddc0d2592e0d703fd8d3ce8fac", size = 18501181, upload-time = "2026-08-09T13:46:59.09Z" },
    { url = "https://files.pythonhosted.org/packages/14/2f/42921d27c40aea7e077f4a423ae509fd9220b028cd787bafefd8ab2b3a5f/numpy-2.5.2-cp314-cp314t-win32.whl", hash = "sha256:ddf47472af2e4280d79bac82304f5e80150211f1b9e614b760061d5fdfbb6eba", size = 6271085, upload-time = "2026-08-09T13:47:01.903Z" },
    { url = "https://files.pythonhosted.org/packages/75/e6/bad5f5d56de9b1971bac959963dda276d35c40f1854475005434bbe08692/numpy-2.5.2-cp314-cp314t-win_amd64.whl", hash = "sha256:44ef9675d908e65f9953063837c3277730f3f4437615a4cdab67b366cabaf884", size = 12787971, upload-time = "2026-08-09T13:47:04.963Z" },
    { url = "https://files.pythonhosted.org/packages/df/05/f608795cb34391acd67e38d94a3c36abd8d8576293a3a80727d7595c372c/numpy-2.5.2-cp314-cp314t-win_arm64.whl", hash = "sha256:eaa088384c46f519dacb93b7ec483a6d6b19a4a2085ae4f25ab9b1c43d387d1e", size = 10750306, upload-time = "2026-08-09T13:47:07.976Z" },
    { url = "https://files.pythonhosted.org/packages/33/c6/28de0191c5f82b7d42a0a51390ba98587048aa93a39fafb05bdbe6e8d00c/numpy-2.5.2-cp315-cp315-macosx_10_15_x86_64.whl", hash = "sha256:078f9b027b478c9379b9677babbf0f8b8f1ecfada27636d7b9a93990c638739f", size = 16885274, upload-time = "2026-08-09T13:47:11.439Z" },
    { url = "https://files.pythonhosted.org/packages/dd/d1/973ca116000d244897e468ea1aff30b589e5022e3c8744b71706fe33bd57/numpy-2.5.2-cp315-cp315-macosx_11_0_arm64.whl", hash = "sha256:50a68f4bacd8a2b33d8da3d2269d0d78500f86ea582e4786dc10f5ef2c2c6842", size = 11907846, upload-time = "2026-08-09T13:47:15.128Z" },
    { url = "https://files.pythonhosted.org/packages/78/d9/8c4b3937ef204cb2fd88d389ccd0f265a2ffb11f35a01d2064cf46714bd6/numpy-2.5.2-cp315-cp315-macosx_14_0_arm64.whl", hash = "sha256:e79aba74ffaf5f78a050d777c184cddf8fdffabab38acf5f3ef1fecbc17895d6", size = 5354892, upload-time = "2026-08-09T13:47:18.07Z" },
    { url = "https://files.pythonhosted.org/packages/74/9b/b6ee65ea2999fdb7023935e108e6fb776ee4082aa15f159acfa857e578c8/numpy-2.5.2-cp315-cp315-macosx_14_0_x86_64.whl", hash = "sha256:9a0731745a72a184490a582fb4af2533512bd071ace67785b5fdffc0ae58dce8", size = 6679309, upload-time = "2026-08-09T13:47:20.456Z" },
    { url = "https://files.pythonhosted.org/packages/43/f3/acb18d8b137a393c8e7803a8c994c9e64bde3930692a69d826993113a159/numpy-2.5.2-cp315-cp315-manylinux_2_27_aarch64.manylinux_2_28_aarch64.whl", hash = "sha256:4ec954036759bcee3aa484f8603bd9c14f3e776293b85578b8734c2d72777c69", size = 15625850, upload-time = "2026-08-09T13:47:24.365Z" },
    { url = "https://files.pythonhosted.org/packages/a9/bf/a8e9bb0db815a0e265b5744ebedd3af0bd5faad8604e5b50a1cd012f3c91/numpy-2.5.2-cp315-cp315-manylinux_2_27_x86_64.manylinux_2_28_x86_64.whl", hash = "sha256:dc649493697006bc90614a5f0bbc8cb3cb1866715c474e473694968d7e6b99ab", size = 16713664, upload-time = "2026-08-09T13:47:27.965Z" },
    { url = "https://files.pythonhosted.org/packages/0c/c3/6e913736b3dd6582344af32418b5fb9dab34282e8a8174ae1d54ceb0fc13/numpy-2.5.2-cp315-cp315-musllinux_1_2_aarch64.whl", hash = "sha256:cf7de32f486e4ac9e2d93b810f9e9ac72a728dd46a32a0bb403222f27f653514", size = 16986749, upload-time = "2026-08-09T13:47:31.541Z" },
    { url = "https://files.pythonhosted.org/packages/80/09/7d3b23eff5c7428ef6c01e6f7052bb60d504c4d33e317b36b8959c24ad97/numpy-2.5.2-cp315-cp315-musllinux_1_2_x86_64.whl", hash = "sha256:2ffa7bacab3e2ee1b19ed31766bb60bb380b68c23f051e199c5cc598afd68710", size = 18470495, upload-time = "2026-08-09T13:47:35.364Z" },
    { url = "https://files.pythonhosted.org/packages/a5/a4/68a321d825374f6eb677ffe8ef8c6b9a328304e6fd2e39d9530822776607/numpy-2.5.2-cp315-cp315-win32.whl", hash = "sha256:6b588cc8f902d6bff201c19fd00c43ab8545671e3554d014e12e14139e5e8617", size = 6120696, upload-time = "2026-08-09T13:47:38.561Z" },
    { url = "https://files.pythonhosted.org/packages/c8/23/deafbb1700f79fae9cd1e91220f133d124cc267de1b584da3fbf6db2f6cd/numpy-2.5.2-cp315-cp315-win_amd64.whl", hash = "sha256:07d4e89f3a9ab0a9ba24264ccdb642b3dd951b2281e8883a5481a4aa79cc31a7", size = 12597324, upload-time = "2026-08-09T13:47:41.401Z" },
    { url = "https://files.pythonhosted.org/packages/33/cd/3272ba105e3bbbdaeb11357eda31e7a6825ffe159e8171665660299a948f/numpy-2.5.2-cp315-cp315-win_arm64.whl", hash = "sha256:a610dc7e3c52edd39c2bc2375ff9c3fd59cb3ad00e4472d36f83bc1457145788", size = 10680466, upload-time = "2026-08-09T13:47:44.873Z" },
    { url = "https://files.pythonhosted.org/packages/0e/0e/58370637b1bb70a5c9ce2b43f4b521ccb224e36ccb76a6596b17ae4b447c/numpy-2.5.2-cp315-cp315t-macosx_10_15_x86_64.whl", hash = "sha256:40f4d451aed46a8046a1aae41c4e55fb3612273df9c502480135e1501576a34b", size = 16993947, upload-time = "2026-08-09T13:47:48.97Z" },
    { url = "https://files.pythonhosted.org/packages/10/93/2abcb807712b289d6d60fe4cf30532f98974a8396d885650f3ba5a13026e/numpy-2.5.2-cp315-cp315t-macosx_11_0_arm64.whl", hash = "sha256:c081cbe16ba1ab53078e5ff29013621e33c509eedab055775d956427712c236e", size = 12025331, upload-time = "2026-08-09T13:47:52.646Z" },
    { url = "https://files.pythonhosted.org/packages/8b/3a/2898e003a5fbaf87e76c039b4ee1f5eb390471b4ffe74887c1f34c4e791e/numpy-2.5.2-cp315-cp315t-macosx_14_0_arm64.whl", hash = "sha256:0090ccdd57ec2703e9b49d0bf554767370581c1dd0a6b2bb2b2d9def317d042a", size = 5472336, upload-time = "2026-08-09T13:47:55.403Z" },
    { url = "https://files.pythonhosted.org/packages/61/a5/23f69d07c544597b29758b31b55c27dc9d541012a2c1496189fef702aec2/numpy-2.5.2-cp315-cp315t-macosx_14_0_x86_64.whl", hash = "sha256:6a9bb119fb8dd21ba30b3f0e555b7e2b081bd9883af21ec9c1c633d161cda3a8", size = 6788387, upload-time = "2026-08-09T13:47:58.192Z" },
    { url = "https://files.pythonhosted.org/packages/15/ea/c0dbdbcf22f43782510a3e492dd3da73c6112b69cac8929d16d127536fc4/numpy-2.5.2-cp315-cp315t-manylinux_2_27_aarch64.manylinux_2_28_aarch64.whl", hash = "sha256:a839318485284a6fb31be4f8f2c91c8f2cb22f4543c4a8903f12b0671ffe07cc", size = 15667096, upload-time = "2026-08-09T13:48:01.562Z" },
    { url = "https://files.pythonhosted.org/packages/fc/5e/29c73c31748cdb0f7566642125ba17fd5b56780cddf891b085dab27e4466/numpy-2.5.2-cp315-cp315t-manylinux_2_27_x86_64.manylinux_2_28_x86_64.whl", hash = "sha256:ba0a474801b8dc67b66bf465548abc90e82b44d2611b5770f33008dcabffe8ec", size = 16751730, upload-time = "2026-08-09T13:48:05.706Z" },
    { url = "https://files.pythonhosted.org/packages/47/95/02501e8454796bb58dadf7a99d3181e0b464bf264e1003039572f9779fac/numpy-2.5.2-cp315-cp315t-musllinux_1_2_aarch64.whl", hash = "sha256:0a4035ae1129ff8777f08bfbd44f1e5d8e9c049ce0c2dd78fc0d92c13e7251c0", size = 17038686, upload-time = "2026-08-09T13:48:09.627Z" },
    { url = "https://files.pythonhosted.org/packages/0e/b5/53a681d91b5c82687067d8ea5035e02d917b5509d6f334cb06484a954714/numpy-2.5.2-cp315-cp315t-musllinux_1_2_x86_64.whl", hash = "sha256:77843ca236b777e67f8d6b3660ea116e499612703a0ecd7093f316201eb9d8e2", size = 18507727, upload-time = "2026-08-09T13:48:13.744Z" },
    { url = "https://files.pythonhosted.org/packages/42/06/6e11443f7b64ee376c860506091103bf68f92d2cab9e8d96d4501babf07c/numpy-2.5.2-cp315-cp315t-win32.whl", hash = "sha256:7354826bc6f8f69402e9b7fe28d15fcd34feebd74f856f111585c5b0c9fb0251", size = 6269775, upload-time = "2026-08-09T13:48:17.543Z" },
    { url = "https://files.pythonhosted.org/packages/f1/18/195d6b86cd72dbbc501edfa778005fa6b87afd34c153e46028cd3a0938f4/numpy-2.5.2-cp315-cp315t-win_amd64.whl", hash = "sha256:e5651f3f87add730ee6608d915009e19c911fba0cb000c7e3ea994b7d768eb12", size = 12782559, upload-time = "2026-08-09T13:48:21.023Z" },
    { url = "https://files.pythonhosted.org/packages/b4/07/458c344f0f0c178f4481dad5cca790626ffe4c34eabf9467069d06ee4999/numpy-2.5.2-cp315-cp315t-win_arm64.whl", hash = "sha256:5f8e00be2ec6f45f4e8a41a527f68d44a7d96fee92a650e4d8b1326f77f61e6e", size = 10748103, upload-time = "2026-08-09T13:48:24.21Z" },
]

[[package]]
name = "pillow"
version = "12.1.1"
source = { registry = "https://pypi.org/simple" }
sdist = { url = "https://files.pythonhosted.org/packages/1f/42/5c74462b4fd957fcd7b13b04fb3205ff8349236ea74c7c375766d6c82288/pillow-12.1.1.tar.gz", hash = "sha256:9ad8fa5937ab05218e2b6a4cff30295ad35afd2f83ac592e68c0d871bb0fdbc4", size = 46980264, upload-time = "2026-02-11T04:23:07.146Z" }
wheels = [
    { url = "https://files.pythonhosted.org/packages/03/d0/bebb3ffbf31c5a8e97241476c4cf8b9828954693ce6744b4a2326af3e16b/pillow-12.1.1-cp314-cp314-ios_13_0_arm64_iphoneos.whl", hash = "sha256:417423db963cb4be8bac3fc1204fe61610f6abeed1580a7a2cbb2fbda20f12af", size = 4062652, upload-time = "2026-02-11T04:21:53.19Z" },
    { url = "https://files.pythonhosted.org/packages/2d/c0/0e16fb0addda4851445c28f8350d8c512f09de27bbb0d6d0bbf8b6709605/pillow-12.1.1-cp314-cp314-ios_13_0_arm64_iphonesimulator.whl", hash = "sha256:b957b71c6b2387610f556a7eb0828afbe40b4a98036fc0d2acfa5a44a0c2036f", size = 4138823, upload-time = "2026-02-11T04:22:03.088Z" },
    { url = "https://files.pythonhosted.org/packages/6b/fb/6170ec655d6f6bb6630a013dd7cf7bc218423d7b5fa9071bf63dc32175ae/pillow-12.1.1-cp314-cp314-ios_13_0_x86_64_iphonesimulator.whl", hash = "sha256:097690ba1f2efdeb165a20469d59d8bb03c55fb6621eb2041a060ae8ea3e9642", size = 3601143, upload-time = "2026-02-11T04:22:04.909Z" },
    { url = "https://files.pythonhosted.org/packages/59/04/dc5c3f297510ba9a6837cbb318b87dd2b8f73eb41a43cc63767f65cb599c/pillow-12.1.1-cp314-cp314-macosx_10_15_x86_64.whl", hash = "sha256:2815a87ab27848db0321fb78c7f0b2c8649dee134b7f2b80c6a45c6831d75ccd", size = 5266254, upload-time = "2026-02-11T04:22:07.656Z" },
    { url = "https://files.pythonhosted.org/packages/05/30/5db1236b0d6313f03ebf97f5e17cda9ca060f524b2fcc875149a8360b21c/pillow-12.1.1-cp314-cp314-macosx_11_0_arm64.whl", hash = "sha256:f7ed2c6543bad5a7d5530eb9e78c53132f93dfa44a28492db88b41cdab885202", size = 4657499, upload-time = "2026-02-11T04:22:09.613Z" },
    { url = "https://files.pythonhosted.org/packages/6f/18/008d2ca0eb612e81968e8be0bbae5051efba24d52debf930126d7eaacbba/pillow-12.1.1-cp314-cp314-manylinux2014_aarch64.manylinux_2_17_aarch64.whl", hash = "sha256:652a2c9ccfb556235b2b501a3a7cf3742148cd22e04b5625c5fe057ea3e3191f", size = 6232137, upload-time = "2026-02-11T04:22:11.434Z" },
    { url = "https://files.pythonhosted.org/packages/70/f1/f14d5b8eeb4b2cd62b9f9f847eb6605f103df89ef619ac68f92f748614ea/pillow-12.1.1-cp314-cp314-manylinux2014_x86_64.manylinux_2_17_x86_64.whl", hash = "sha256:d6e4571eedf43af33d0fc233a382a76e849badbccdf1ac438841308652a08e1f", size = 8042721, upload-time = "2026-02-11T04:22:13.321Z" },
    { url = "https://files.pythonhosted.org/packages/5a/d6/17824509146e4babbdabf04d8171491fa9d776f7061ff6e727522df9bd03/pillow-12.1.1-cp314-cp314-manylinux_2_27_aarch64.manylinux_2_28_aarch64.whl", hash = "sha256:b574c51cf7d5d62e9be37ba446224b59a2da26dc4c1bb2ecbe936a4fb1a7cb7f", size = 6347798, upload-time = "2026-02-11T04:22:15.449Z" },
    { url = "https://files.pythonhosted.org/packages/d1/ee/c85a38a9ab92037a75615aba572c85ea51e605265036e00c5b67dfafbfe2/pillow-12.1.1-cp314-cp314-manylinux_2_27_x86_64.manylinux_2_28_x86_64.whl", hash = "sha256:a37691702ed687799de29a518d63d4682d9016932db66d4e90c345831b02fb4e", size = 7039315, upload-time = "2026-02-11T04:22:17.24Z" },
    { url = "https://files.pythonhosted.org/packages/ec/f3/bc8ccc6e08a148290d7523bde4d9a0d6c981db34631390dc6e6ec34cacf6/pillow-12.1.1-cp314-cp314-musllinux_1_2_aarch64.whl", hash = "sha256:f95c00d5d6700b2b890479664a06e754974848afaae5e21beb4d83c106923fd0", size = 6462360, upload-time = "2026-02-11T04:22:19.111Z" },
    { url = "https://files.pythonhosted.org/packages/f6/ab/69a42656adb1d0665ab051eec58a41f169ad295cf81ad45406963105408f/pillow-12.1.1-cp314-cp314-musllinux_1_2_x86_64.whl", hash = "sha256:559b38da23606e68681337ad74622c4dbba02254fc9cb4488a305dd5975c7eeb", size = 7165438, upload-time = "2026-02-11T04:22:21.041Z" },
    { url = "https://files.pythonhosted.org/packages/02/46/81f7aa8941873f0f01d4b55cc543b0a3d03ec2ee30d617a0448bf6bd6dec/pillow-12.1.1-cp314-cp314-win32.whl", hash = "sha256:03edcc34d688572014ff223c125a3f77fb08091e4607e7745002fc214070b35f", size = 6431503, upload-time = "2026-02-11T04:22:22.833Z" },
    { url = "https://files.pythonhosted.org/packages/40/72/4c245f7d1044b67affc7f134a09ea619d4895333d35322b775b928180044/pillow-12.1.1-cp314-cp314-win_amd64.whl", hash = "sha256:50480dcd74fa63b8e78235957d302d98d98d82ccbfac4c7e12108ba9ecbdba15", size = 7176748, upload-time = "2026-02-11T04:22:24.64Z" },
    { url = "https://files.pythonhosted.org/packages/e4/ad/8a87bdbe038c5c698736e3348af5c2194ffb872ea52f11894c95f9305435/pillow-12.1.1-cp314-cp314-win_arm64.whl", hash = "sha256:5cb1785d97b0c3d1d1a16bc1d710c4a0049daefc4935f3a8f31f827f4d3d2e7f", size = 2544314, upload-time = "2026-02-11T04:22:26.685Z" },
    { url = "https://files.pythonhosted.org/packages/6c/9d/efd18493f9de13b87ede7c47e69184b9e859e4427225ea962e32e56a49bc/pillow-12.1.1-cp314-cp314t-macosx_10_15_x86_64.whl", hash = "sha256:1f90cff8aa76835cba5769f0b3121a22bd4eb9e6884cfe338216e557a9a548b8", size = 5268612, upload-time = "2026-02-11T04:22:29.884Z" },
    { url = "https://files.pythonhosted.org/packages/f8/f1/4f42eb2b388eb2ffc660dcb7f7b556c1015c53ebd5f7f754965ef997585b/pillow-12.1.1-cp314-cp314t-macosx_11_0_arm64.whl", hash = "sha256:1f1be78ce9466a7ee64bfda57bdba0f7cc499d9794d518b854816c41bf0aa4e9", size = 4660567, upload-time = "2026-02-11T04:22:31.799Z" },
    { url = "https://files.pythonhosted.org/packages/01/54/df6ef130fa43e4b82e32624a7b821a2be1c5653a5fdad8469687a7db4e00/pillow-12.1.1-cp314-cp314t-manylinux2014_aarch64.manylinux_2_17_aarch64.whl", hash = "sha256:42fc1f4677106188ad9a55562bbade416f8b55456f522430fadab3cef7cd4e60", size = 6269951, upload-time = "2026-02-11T04:22:33.921Z" },
    { url = "https://files.pythonhosted.org/packages/a9/48/618752d06cc44bb4aae8ce0cd4e6426871929ed7b46215638088270d9b34/pillow-12.1.1-cp314-cp314t-manylinux2014_x86_64.manylinux_2_17_x86_64.whl", hash = "sha256:98edb152429ab62a1818039744d8fbb3ccab98a7c29fc3d5fcef158f3f1f68b7", size = 8074769, upload-time = "2026-02-11T04:22:35.877Z" },
    { url = "https://files.pythonhosted.org/packages/c3/bd/f1d71eb39a72fa088d938655afba3e00b38018d052752f435838961127d8/pillow-12.1.1-cp314-cp314t-manylinux_2_27_aarch64.manylinux_2_28_aarch64.whl", hash = "sha256:d470ab1178551dd17fdba0fef463359c41aaa613cdcd7ff8373f54be629f9f8f", size = 6381358, upload-time = "2026-02-11T04:22:37.698Z" },
    { url = "https://files.pythonhosted.org/packages/64/ef/c784e20b96674ed36a5af839305f55616f8b4f8aa8eeccf8531a6e312243/pillow-12.1.1-cp314-cp314t-manylinux_2_27_x86_64.manylinux_2_28_x86_64.whl", hash = "sha256:6408a7b064595afcab0a49393a413732a35788f2a5092fdc6266952ed67de586", size = 7068558, upload-time = "2026-02-11T04:22:39.597Z" },
    { url = "https://files.pythonhosted.org/packages/73/cb/8059688b74422ae61278202c4e1ad992e8a2e7375227be0a21c6b87ca8d5/pillow-12.1.1-cp314-cp314t-musllinux_1_2_aarch64.whl", hash = "sha256:5d8c41325b382c07799a3682c1c258469ea2ff97103c53717b7893862d0c98ce", size = 6493028, upload-time = "2026-02-11T04:22:42.73Z" },
    { url = "https://files.pythonhosted.org/packages/c6/da/e3c008ed7d2dd1f905b15949325934510b9d1931e5df999bb15972756818/pillow-12.1.1-cp314-cp314t-musllinux_1_2_x86_64.whl", hash = "sha256:c7697918b5be27424e9ce568193efd13d925c4481dd364e43f5dff72d33e10f8", size = 7191940, upload-time = "2026-02-11T04:22:44.543Z" },
    { url = "https://files.pythonhosted.org/packages/01/4a/9202e8d11714c1fc5951f2e1ef362f2d7fbc595e1f6717971d5dd750e969/pillow-12.1.1-cp314-cp314t-win32.whl", hash = "sha256:d2912fd8114fc5545aa3a4b5576512f64c55a03f3ebcca4c10194d593d43ea36", size = 6438736, upload-time = "2026-02-11T04:22:46.347Z" },
    { url = "https://files.pythonhosted.org/packages/f3/ca/cbce2327eb9885476b3957b2e82eb12c866a8b16ad77392864ad601022ce/pillow-12.1.1-cp314-cp314t-win_amd64.whl", hash = "sha256:4ceb838d4bd9dab43e06c363cab2eebf63846d6a4aeaea283bbdfd8f1a8ed58b", size = 7182894, upload-time = "2026-02-11T04:22:48.114Z" },
    { url = "https://files.pythonhosted.org/packages/ec/d2/de599c95ba0a973b94410477f8bf0b6f0b5e67360eb89bcb1ad365258beb/pillow-12.1.1-cp314-cp314t-win_arm64.whl", hash = "sha256:7b03048319bfc6170e93bd60728a1af51d3dd7704935feb228c4d4faab35d334", size = 2546446, upload-time = "2026-02-11T04:22:50.342Z" },
]

[[package]]
name = "psd-tools"
version = "1.19.0"
source = { registry = "https://pypi.org/simple" }
dependencies = [
    { name = "attrs" },
    { name = "numpy" },
    { name = "pillow" },
    { name = "typing-extensions" },
]
wheels = [
    { url = "https://files.pythonhosted.org/packages/71/33/abf94cefda85600902730d0798b9f5a1b3c0296ae1a024528036a7114646/psd_tools-1.19.0-cp313-abi3-macosx_10_13_x86_64.whl", hash = "sha256:edff739750a08485ea4e44baaafddcd0593711b57677f1b51de2d438e037d7a1", size = 436643, upload-time = "2026-09-02T09:31:20.184Z" },
    { url = "https://files.pythonhosted.org/packages/76/49/9c176d54d9f1a8419caf16b75b56122695953dd95cec5dd53643f432b957/psd_tools-1.19.0-cp313-abi3-macosx_11_0_arm64.whl", hash = "sha256:1a49719a344fa921b44db9131334e4ab66b0b2b9b6d101b28b13db2cd2e48fc2", size = 435542, upload-time = "2026-09-02T09:31:21.254Z" },
    { url = "https://files.pythonhosted.org/packages/79/d6/8cea9defe832f1fc529584a7740debf4ee2a27f95f3c3ce079543adb80fd/psd_tools-1.19.0-cp313-abi3-manylinux_2_24_aarch64.manylinux_2_28_aarch64.whl", hash = "sha256:abe37326aca4b05fd36d5a3528cd34c03cbf1b09762a4e877a183a78317b62a8", size = 770887, upload-time = "2026-09-02T09:31:22.47Z" },
    { url = "https://files.pythonhosted.org/packages/ca/66/c7cc0571fe91f18ce764f8eecb5c0cbf948e54e0c05ee537ba9280a74b53/psd_tools-1.19.0-cp313-abi3-manylinux_2_24_x86_64.manylinux_2_28_x86_64.whl", hash = "sha256:36e9057f6c1e8e1092b83b6974f221577d8df0e49455f50cebaeca61bcbb4c69", size = 774588, upload-time = "2026-09-02T09:31:24.692Z" },
    { url = "https://files.pythonhosted.org/packages/28/39/532806b345228a6e032e5f6fc52fa439fd352507991a56a81499f043a9df/psd_tools-1.19.0-cp313-abi3-musllinux_1_2_aarch64.whl", hash = "sha256:06ca81bbeeb7c90a5dcd33a270096ff0c8c91bb698d322e3d193284ed02dd9e2", size = 1744089, upload-time = "2026-09-02T09:31:25.847Z" },
    { url = "https://files.pythonhosted.org/packages/83/ae/8e09700c19a35da1efe950ee36071c952baf6e9212bcaf9321550556abef/psd_tools-1.19.0-cp313-abi3-musllinux_1_2_x86_64.whl", hash = "sha256:7851d9d22fd4e12fe6baead34d1ab6b03fba5aa662700f0db08c6c213dd07c55", size = 1804250, upload-time = "2026-09-02T09:31:27.089Z" },
    { url = "https://files.pythonhosted.org/packages/2f/f6/7621b905673e93789171c8c36c2361f787acbd7a686702bb6b96b529cb45/psd_tools-1.19.0-cp314-cp314-win_amd64.whl", hash = "sha256:b1cafe17e34f66a8fb10c3e590416269b6c15ecd775f003e187518bca0b8dcef", size = 628291, upload-time = "2026-09-02T09:31:30.573Z" },
    { url = "https://files.pythonhosted.org/packages/93/e0/dda02c785c6deebac194b68051c758b0932a8d7b0307ff2de95cd709d671/psd_tools-1.19.0-cp314-cp314-win_arm64.whl", hash = "sha256:5225d604dc7d249d16543f2e6ea77b47a1ad49485590990504d8cc14164053ce", size = 792575, upload-time = "2026-09-02T09:31:31.673Z" },
    { url = "https://files.pythonhosted.org/packages/f6/d2/7e1445cd8b9e3c97591d82a3882504b8668a69a3d1117c24fb907930d0e7/psd_tools-1.19.0-cp314-cp314t-macosx_10_15_x86_64.whl", hash = "sha256:c067e4376a9fb860c5a17ff5d6f2d034824886dd4d13984d2d5342865d3c73bc", size = 449430, upload-time = "2026-09-02T09:31:32.809Z" },
    { url = "https://files.pythonhosted.org/packages/e8/8c/c5270aa40ebf6dce8468b487ecaa62cba2f85127169b7724c8b7fe066a7b/psd_tools-1.19.0-cp314-cp314t-macosx_11_0_arm64.whl", hash = "sha256:a67a4638437a65d44089d3ecadc00742a96040086ee4e022ee299dc4d880cf56", size = 449623, upload-time = "2026-09-02T09:31:33.899Z" },
    { url = "https://files.pythonhosted.org/packages/f4/e0/c6a2f61ee511c04d1e8efb8db1f6dd1fa3f4cb65414b7410a30e300237d7/psd_tools-1.19.0-cp314-cp314t-manylinux_2_24_aarch64.manylinux_2_28_aarch64.whl", hash = "sha256:a2fdb19c7aa13cea92b88eb2ffd95e0d36723c22e773b5be5be9be7941a95687", size = 864260, upload-time = "2026-09-02T09:31:35.138Z" },
    { url = "https://files.pythonhosted.org/packages/9c/d4/0261632dfad56cbbf423390fbd463bfc12f840ab5d6c83539d59535686c9/psd_tools-1.19.0-cp314-cp314t-manylinux_2_24_x86_64.manylinux_2_28_x86_64.whl", hash = "sha256:a68cd03603cae30c16ee418fdcdb31bfecfd1a1e6442bfe31f4e072456e1ca60", size = 861254, upload-time = "2026-09-02T09:31:36.363Z" },
    { url = "https://files.pythonhosted.org/packages/cc/00/56973309625cdac00c523a5b75452bf1b3034446c2beef1c737b69aa3e39/psd_tools-1.19.0-cp314-cp314t-musllinux_1_2_aarch64.whl", hash = "sha256:1a4a5aacbfb2e07512a60180bc6cca1303a73c8ec511f35a22ffa21d881a3e70", size = 1830666, upload-time = "2026-09-02T09:31:37.494Z" },
    { url = "https://files.pythonhosted.org/packages/a9/79/590aca34dbb4bd48d7aa7c04aaf01b61596f38736a7dabe5741860483f5f/psd_tools-1.19.0-cp314-cp314t-musllinux_1_2_x86_64.whl", hash = "sha256:c8139fdd89580e255312134c4633bce0b84b8b302400e88d8b85d5fea0026136", size = 1886776, upload-time = "2026-09-02T09:31:39.192Z" },
    { url = "https://files.pythonhosted.org/packages/81/ec/7859a58da39e622627bb9e433d3892b468544dbb5b010456e039d5b0d390/psd_tools-1.19.0-cp314-cp314t-win_amd64.whl", hash = "sha256:383aa2147ec440a2c17ccbf4c8c7e9230d7c7afc05c46af06fe980ab633c8d44", size = 636864, upload-time = "2026-09-02T09:31:40.513Z" },
    { url = "https://files.pythonhosted.org/packages/4c/f7/fc3c3d3b848e90af14ab949c8195ddce3da565c2e22f64f98e8f8aad24f7/psd_tools-1.19.0-cp314-cp314t-win_arm64.whl", hash = "sha256:7751928888a976b055cdcf2c67b6812762a9fff851d3bf02bf0793061bacd347", size = 795746, upload-time = "2026-09-02T09:31:41.864Z" },
    { url = "https://files.pythonhosted.org/packages/b8/84/54eb6d43a0d8a6ac775000b65d8df37f3f0b4d221b6fa4db85820f8fc52e/psd_tools-1.19.0-cp315-cp315-win_amd64.whl", hash = "sha256:4249a96d1c57ac8e9c53d4fa173438f07b6db38cc58a6dd7a93fde13390294bd", size = 628473, upload-time = "2026-09-02T09:31:43.379Z" },
    { url = "https://files.pythonhosted.org/packages/f2/11/f96b8a56638f995cdfe4a0dc1a3940f5a64cc0ecd4c4aaf53dff6b0cf88e/psd_tools-1.19.0-cp315-cp315-win_arm64.whl", hash = "sha256:da3415dcab59ff12eb5ee59845b2e7f9ca24846b13f664c1378fe3c9bc1aa4ab", size = 792581, upload-time = "2026-09-02T09:31:44.503Z" },
    { url = "https://files.pythonhosted.org/packages/99/c0/adc7a44327029fa12659c5b57d2dbc45582787cda1ffed8ae129c444a35b/psd_tools-1.19.0-cp315-cp315t-macosx_10_15_x86_64.whl", hash = "sha256:bbbbd0e0514b805ed1053dec8727a87db2b0a71a401a5c6d553090d5f35e6246", size = 448847, upload-time = "2026-09-02T09:31:45.623Z" },
    { url = "https://files.pythonhosted.org/packages/f5/fb/4a39a5f9e6254d709dc65e13251f2d51fa581a90d28eea43bd1e851e158d/psd_tools-1.19.0-cp315-cp315t-macosx_11_0_arm64.whl", hash = "sha256:aaa80235e5342a2a8a11b2a45f473ccbc3765c559204ab97f9d68f2cd72d2e0a", size = 449054, upload-time = "2026-09-02T09:31:46.698Z" },
    { url = "https://files.pythonhosted.org/packages/3a/a9/d417ae26d8aeb54d32124d43502c95588a5f56c8f84b65c612a603a571e1/psd_tools-1.19.0-cp315-cp315t-manylinux_2_24_aarch64.manylinux_2_28_aarch64.whl", hash = "sha256:86a8f3e484820c738a94cf4f016aab35bba7c7d4f3eed7686b32d3026012bac1", size = 860678, upload-time = "2026-09-02T09:31:48.006Z" },
    { url = "https://files.pythonhosted.org/packages/fd/a3/1ba627f664eba8f70054fe5fb92c36e0ed65241d85359cb11cadfca026bc/psd_tools-1.19.0-cp315-cp315t-manylinux_2_24_x86_64.manylinux_2_28_x86_64.whl", hash = "sha256:09fc7e45ff84034604d221d9a82a8699cc6d2b33ce3b3c0a01124096a022104f", size = 863128, upload-time = "2026-09-02T09:31:49.204Z" },
    { url = "https://files.pythonhosted.org/packages/91/2b/fea86b5ef7aec0c8db2086beb82739d1fac0449fad2828996ff87829b05d/psd_tools-1.19.0-cp315-cp315t-musllinux_1_2_aarch64.whl", hash = "sha256:f6d4fc40f698f5b58cb1fc4e2cfec39e2411a7b1078fc131a8764f7b271b3b8c", size = 1827435, upload-time = "2026-09-02T09:31:50.831Z" },
    { url = "https://files.pythonhosted.org/packages/cd/86/c63a1ba944856adcd6cb7af2f716adbe8b500c9f2e0b4cff773f94f58b4e/psd_tools-1.19.0-cp315-cp315t-musllinux_1_2_x86_64.whl", hash = "sha256:1b6409d49ed9282924ef97bae8cc07cd31d544fd099483763850b1c0f7673007", size = 1888808, upload-time = "2026-09-02T09:31:52.126Z" },
    { url = "https://files.pythonhosted.org/packages/0a/3f/07c950fcfff819ccbae9fc866b84cbe57834525a7c0bacfdfe195e5a359b/psd_tools-1.19.0-cp315-cp315t-win_amd64.whl", hash = "sha256:c1731949dad041032aab1b2f7d25911e1ef06a238211f0e9540580318b25131a", size = 636371, upload-time = "2026-09-02T09:31:53.465Z" },
    { url = "https://files.pythonhosted.org/packages/c2/28/c75ad7b09a528e7e77b1fce5bc13d44e9a24a67c6a19f2808c0456eb571d/psd_tools-1.19.0-cp315-cp315t-win_arm64.whl", hash = "sha256:1b29cb3f490d1572dde0781f1ca2e8bb68fe839d2e3deab2eccd9d2e7b5f0705", size = 795343, upload-time = "2026-09-02T09:31:54.7Z" },
]

[[package]]
name = "pytoshop"
version = "1.2.1"
source = { registry = "https://pypi.org/simple" }
dependencies = [
    { name = "cython" },
    { name = "numpy" },
]
sdist = { url = "https://files.pythonhosted.org/packages/0e/54/5b83be9965d81225dfe6817e2f33c5bc532b4bfef8a0ef948e93b892fc19/pytoshop-1.2.1.tar.gz", hash = "sha256:d13820196596171815db55b2af4ba76a85b4c828f504aaa1f3faf040d097732b", size = 2217240, upload-time = "2018-11-30T17:57:43.763Z" }

[[package]]
name = "six"
version = "1.17.0"
source = { registry = "https://pypi.org/simple" }
sdist = { url = "https://files.pythonhosted.org/packages/94/e7/b2c673351809dca68a0e064b6af791aa332cf192da575fd474ed7d6f16a2/six-1.17.0.tar.gz", hash = "sha256:ff70335d468e7eb6ec65b95b99d3a2836546063f63acc5171de367e834932a81", size = 34031, upload-time = "2024-12-04T17:35:28.174Z" }
wheels = [
    { url = "https://files.pythonhosted.org/packages/b7/ce/149a00dd41f10bc29e5921b496af8b574d8413afcd5e30dfa0ed46c2cc5e/six-1.17.0-py2.py3-none-any.whl", hash = "sha256:4721f391ed90541fddacab5acf947aa0d3dc7d27b2e1e8eda2be8970586c3274", size = 11050, upload-time = "2024-12-04T17:35:26.475Z" },
]

[[package]]
name = "typing-extensions"
version = "4.16.0"
source = { registry = "https://pypi.org/simple" }
sdist = { url = "https://files.pythonhosted.org/packages/f6/cc/6253133b5bb138fc3306cebfbda2c520f545d36b5be2c7255cc528bb45d6/typing_extensions-4.16.0.tar.gz", hash = "sha256:dc983d19a509c94dba722ee6abd33940f7c05a89e243c47e907eb4db6f1a43e5", size = 113555, upload-time = "2026-07-02T08:40:05.92Z" }
wheels = [
    { url = "https://files.pythonhosted.org/packages/49/d3/b8441a820a491ddfc024b0b0cf0393375b75ea13866d9c66727e54c2fc80/typing_extensions-4.16.0-py3-none-any.whl", hash = "sha256:481caa481374e813c1b176ada14e97f1f67a4539ce9cfeb3f350d78d6370c2e8", size = 45571, upload-time = "2026-07-02T08:40:04.659Z" },
]
